// !$*UTF8*$!
{
	archiveVersion = 1;
	classes = {
	};
	objectVersion = 56;
	objects = {

/* Begin PBXBuildFile section */
		EB81C4E92A53F5FB000F57D4 /* AppDelegate.swift in Sources */ = {isa = PBXBuildFile; fileRef = EB81C4E82A53F5FB000F57D4 /* AppDelegate.swift */; };
		EB81C4EB2A53F5FB000F57D4 /* SceneDelegate.swift in Sources */ = {isa = PBXBuildFile; fileRef = EB81C4EA2A53F5FB000F57D4 /* SceneDelegate.swift */; };
		EB81C4ED2A53F5FB000F57D4 /* ViewController.swift in Sources */ = {isa = PBXBuildFile; fileRef = EB81C4EC2A53F5FB000F57D4 /* ViewController.swift */; };
		EB81C4F02A53F5FB000F57D4 /* Main.storyboard in Resources */ = {isa = PBXBuildFile; fileRef = EB81C4EE2A53F5FB000F57D4 /* Main.storyboard */; };
		EB81C4F32A53F5FB000F57D4 /* MusicApp.xcdatamodeld in Sources */ = {isa = PBXBuildFile; fileRef = EB81C4F12A53F5FB000F57D4 /* MusicApp.xcdatamodeld */; };
		EB81C4F52A53F5FC000F57D4 /* Assets.xcassets in Resources */ = {isa = PBXBuildFile; fileRef = EB81C4F42A53F5FC000F57D4 /* Assets.xcassets */; };
		EB81C4F82A53F5FC000F57D4 /* LaunchScreen.storyboard in Resources */ = {isa = PBXBuildFile; fileRef = EB81C4F62A53F5FC000F57D4 /* LaunchScreen.storyboard */; };
		EB81C5032A53F5FC000F57D4 /* MusicAppTests.swift in Sources */ = {isa = PBXBuildFile; fileRef = EB81C5022A53F5FC000F57D4 /* MusicAppTests.swift */; };
		EB81C50D2A53F5FC000F57D4 /* MusicAppUITests.swift in Sources */ = {isa = PBXBuildFile; fileRef = EB81C50C2A53F5FC000F57D4 /* MusicAppUITests.swift */; };
		EB81C50F2A53F5FC000F57D4 /* MusicAppUITestsLaunchTests.swift in Sources */ = {isa = PBXBuildFile; fileRef = EB81C50E2A53F5FC000F57D4 /* MusicAppUITestsLaunchTests.swift */; };
		EB81C5252A53FA63000F57D4 /* MusicCell.swift in Sources */ = {isa = PBXBuildFile; fileRef = EB81C5232A53FA63000F57D4 /* MusicCell.swift */; };
		EB81C5262A53FA63000F57D4 /* MusicCell.xib in Resources */ = {isa = PBXBuildFile; fileRef = EB81C5242A53FA63000F57D4 /* MusicCell.xib */; };
		EB81C5292A53FD1E000F57D4 /* TableView+Extension.swift in Sources */ = {isa = PBXBuildFile; fileRef = EB81C5282A53FD1E000F57D4 /* TableView+Extension.swift */; };
		EB81C52B2A53FD4E000F57D4 /* UITableViewCell+Extension.swift in Sources */ = {isa = PBXBuildFile; fileRef = EB81C52A2A53FD4E000F57D4 /* UITableViewCell+Extension.swift */; };
		EB81C52E2A5400A5000F57D4 /* LoadingShowable.swift in Sources */ = {isa = PBXBuildFile; fileRef = EB81C52D2A5400A5000F57D4 /* LoadingShowable.swift */; };
		EB81C5312A540103000F57D4 /* LoadingView.swift in Sources */ = {isa = PBXBuildFile; fileRef = EB81C5302A540103000F57D4 /* LoadingView.swift */; };
		EB81C5372A540630000F57D4 /* MusicAPI in Frameworks */ = {isa = PBXBuildFile; productRef = EB81C5362A540630000F57D4 /* MusicAPI */; };
		EBE8AF072A753D55009DBC46 /* SDWebImage in Frameworks */ = {isa = PBXBuildFile; productRef = EBE8AF062A753D55009DBC46 /* SDWebImage */; };
/* End PBXBuildFile section */

/* Begin PBXContainerItemProxy section */
		EB81C4FF2A53F5FC000F57D4 /* PBXContainerItemProxy */ = {
			isa = PBXContainerItemProxy;
			containerPortal = EB81C4DD2A53F5FB000F57D4 /* Project object */;
			proxyType = 1;
			remoteGlobalIDString = EB81C4E42A53F5FB000F57D4;
			remoteInfo = MusicApp;
		};
		EB81C5092A53F5FC000F57D4 /* PBXContainerItemProxy */ = {
			isa = PBXContainerItemProxy;
			containerPortal = EB81C4DD2A53F5FB000F57D4 /* Project object */;
			proxyType = 1;
			remoteGlobalIDString = EB81C4E42A53F5FB000F57D4;
			remoteInfo = MusicApp;
		};
/* End PBXContainerItemProxy section */

/* Begin PBXFileReference section */
		EB81C4E52A53F5FB000F57D4 /* MusicApp.app */ = {isa = PBXFileReference; explicitFileType = wrapper.application; includeInIndex = 0; path = MusicApp.app; sourceTree = BUILT_PRODUCTS_DIR; };
		EB81C4E82A53F5FB000F57D4 /* AppDelegate.swift */ = {isa = PBXFileReference; lastKnownFileType = sourcecode.swift; path = AppDelegate.swift; sourceTree = "<group>"; };
		EB81C4EA2A53F5FB000F57D4 /* SceneDelegate.swift */ = {isa = PBXFileReference; lastKnownFileType = sourcecode.swift; path = SceneDelegate.swift; sourceTree = "<group>"; };
		EB81C4EC2A53F5FB000F57D4 /* ViewController.swift */ = {isa = PBXFileReference; lastKnownFileType = sourcecode.swift; path = ViewController.swift; sourceTree = "<group>"; };
		EB81C4EF2A53F5FB000F57D4 /* Base */ = {isa = PBXFileReference; lastKnownFileType = file.storyboard; name = Base; path = Base.lproj/Main.storyboard; sourceTree = "<group>"; };
		EB81C4F22A53F5FB000F57D4 /* MusicApp.xcdatamodel */ = {isa = PBXFileReference; lastKnownFileType = wrapper.xcdatamodel; path = MusicApp.xcdatamodel; sourceTree = "<group>"; };
		EB81C4F42A53F5FC000F57D4 /* Assets.xcassets */ = {isa = PBXFileReference; lastKnownFileType = folder.assetcatalog; path = Assets.xcassets; sourceTree = "<group>"; };
		EB81C4F72A53F5FC000F57D4 /* Base */ = {isa = PBXFileReference; lastKnownFileType = file.storyboard; name = Base; path = Base.lproj/LaunchScreen.storyboard; sourceTree = "<group>"; };
		EB81C4F92A53F5FC000F57D4 /* Info.plist */ = {isa = PBXFileReference; lastKnownFileType = text.plist.xml; path = Info.plist; sourceTree = "<group>"; };
		EB81C4FE2A53F5FC000F57D4 /* MusicAppTests.xctest */ = {isa = PBXFileReference; explicitFileType = wrapper.cfbundle; includeInIndex = 0; path = MusicAppTests.xctest; sourceTree = BUILT_PRODUCTS_DIR; };
		EB81C5022A53F5FC000F57D4 /* MusicAppTests.swift */ = {isa = PBXFileReference; lastKnownFileType = sourcecode.swift; path = MusicAppTests.swift; sourceTree = "<group>"; };
		EB81C5082A53F5FC000F57D4 /* MusicAppUITests.xctest */ = {isa = PBXFileReference; explicitFileType = wrapper.cfbundle; includeInIndex = 0; path = MusicAppUITests.xctest; sourceTree = BUILT_PRODUCTS_DIR; };
		EB81C50C2A53F5FC000F57D4 /* MusicAppUITests.swift */ = {isa = PBXFileReference; lastKnownFileType = sourcecode.swift; path = MusicAppUITests.swift; sourceTree = "<group>"; };
		EB81C50E2A53F5FC000F57D4 /* MusicAppUITestsLaunchTests.swift */ = {isa = PBXFileReference; lastKnownFileType = sourcecode.swift; path = MusicAppUITestsLaunchTests.swift; sourceTree = "<group>"; };
		EB81C5212A53F742000F57D4 /* MusicAPI */ = {isa = PBXFileReference; lastKnownFileType = wrapper; path = MusicAPI; sourceTree = "<group>"; };
		EB81C5232A53FA63000F57D4 /* MusicCell.swift */ = {isa = PBXFileReference; lastKnownFileType = sourcecode.swift; path = MusicCell.swift; sourceTree = "<group>"; };
		EB81C5242A53FA63000F57D4 /* MusicCell.xib */ = {isa = PBXFileReference; lastKnownFileType = file.xib; path = MusicCell.xib; sourceTree = "<group>"; };
		EB81C5282A53FD1E000F57D4 /* TableView+Extension.swift */ = {isa = PBXFileReference; lastKnownFileType = sourcecode.swift; path = "TableView+Extension.swift"; sourceTree = "<group>"; };
		EB81C52A2A53FD4E000F57D4 /* UITableViewCell+Extension.swift */ = {isa = PBXFileReference; lastKnownFileType = sourcecode.swift; path = "UITableViewCell+Extension.swift"; sourceTree = "<group>"; };
		EB81C52D2A5400A5000F57D4 /* LoadingShowable.swift */ = {isa = PBXFileReference; lastKnownFileType = sourcecode.swift; path = LoadingShowable.swift; sourceTree = "<group>"; };
		EB81C5302A540103000F57D4 /* LoadingView.swift */ = {isa = PBXFileReference; lastKnownFileType = sourcecode.swift; path = LoadingView.swift; sourceTree = "<group>"; };
/* End PBXFileReference section */

/* Begin PBXFrameworksBuildPhase section */
		EB81C4E22A53F5FB000F57D4 /* Frameworks */ = {
			isa = PBXFrameworksBuildPhase;
			buildActionMask = 2147483647;
			files = (
				EBE8AF072A753D55009DBC46 /* SDWebImage in Frameworks */,
				EB81C5372A540630000F57D4 /* MusicAPI in Frameworks */,
			);
			runOnlyForDeploymentPostprocessing = 0;
		};
		EB81C4FB2A53F5FC000F57D4 /* Frameworks */ = {
			isa = PBXFrameworksBuildPhase;
			buildActionMask = 2147483647;
			files = (
			);
			runOnlyForDeploymentPostprocessing = 0;
		};
		EB81C5052A53F5FC000F57D4 /* Frameworks */ = {
			isa = PBXFrameworksBuildPhase;
			buildActionMask = 2147483647;
			files = (
			);
			runOnlyForDeploymentPostprocessing = 0;
		};
/* End PBXFrameworksBuildPhase section */

/* Begin PBXGroup section */
		EB81C4DC2A53F5FB000F57D4 = {
			isa = PBXGroup;
			children = (
				EB81C5212A53F742000F57D4 /* MusicAPI */,
				EB81C4E72A53F5FB000F57D4 /* MusicApp */,
				EB81C5012A53F5FC000F57D4 /* MusicAppTests */,
				EB81C50B2A53F5FC000F57D4 /* MusicAppUITests */,
				EB81C4E62A53F5FB000F57D4 /* Products */,
				EB81C5352A540630000F57D4 /* Frameworks */,
			);
			sourceTree = "<group>";
		};
		EB81C4E62A53F5FB000F57D4 /* Products */ = {
			isa = PBXGroup;
			children = (
				EB81C4E52A53F5FB000F57D4 /* MusicApp.app */,
				EB81C4FE2A53F5FC000F57D4 /* MusicAppTests.xctest */,
				EB81C5082A53F5FC000F57D4 /* MusicAppUITests.xctest */,
			);
			name = Products;
			sourceTree = "<group>";
		};
		EB81C4E72A53F5FB000F57D4 /* MusicApp */ = {
			isa = PBXGroup;
			children = (
				EB81C52F2A5400F2000F57D4 /* View */,
				EB81C52C2A540086000F57D4 /* Utils */,
				EB81C5272A53FCF2000F57D4 /* Extensions */,
				EB81C5222A53F9F5000F57D4 /* Cells */,
				EB81C4E82A53F5FB000F57D4 /* AppDelegate.swift */,
				EB81C4EA2A53F5FB000F57D4 /* SceneDelegate.swift */,
				EB81C4EC2A53F5FB000F57D4 /* ViewController.swift */,
				EB81C4EE2A53F5FB000F57D4 /* Main.storyboard */,
				EB81C4F42A53F5FC000F57D4 /* Assets.xcassets */,
				EB81C4F62A53F5FC000F57D4 /* LaunchScreen.storyboard */,
				EB81C4F92A53F5FC000F57D4 /* Info.plist */,
				EB81C4F12A53F5FB000F57D4 /* MusicApp.xcdatamodeld */,
			);
			path = MusicApp;
			sourceTree = "<group>";
		};
		EB81C5012A53F5FC000F57D4 /* MusicAppTests */ = {
			isa = PBXGroup;
			children = (
				EB81C5022A53F5FC000F57D4 /* MusicAppTests.swift */,
			);
			path = MusicAppTests;
			sourceTree = "<group>";
		};
		EB81C50B2A53F5FC000F57D4 /* MusicAppUITests */ = {
			isa = PBXGroup;
			children = (
				EB81C50C2A53F5FC000F57D4 /* MusicAppUITests.swift */,
				EB81C50E2A53F5FC000F57D4 /* MusicAppUITestsLaunchTests.swift */,
			);
			path = MusicAppUITests;
			sourceTree = "<group>";
		};
		EB81C5222A53F9F5000F57D4 /* Cells */ = {
			isa = PBXGroup;
			children = (
				EB81C5232A53FA63000F57D4 /* MusicCell.swift */,
				EB81C5242A53FA63000F57D4 /* MusicCell.xib */,
			);
			path = Cells;
			sourceTree = "<group>";
		};
		EB81C5272A53FCF2000F57D4 /* Extensions */ = {
			isa = PBXGroup;
			children = (
				EB81C5282A53FD1E000F57D4 /* TableView+Extension.swift */,
				EB81C52A2A53FD4E000F57D4 /* UITableViewCell+Extension.swift */,
			);
			path = Extensions;
			sourceTree = "<group>";
		};
		EB81C52C2A540086000F57D4 /* Utils */ = {
			isa = PBXGroup;
			children = (
				EB81C52D2A5400A5000F57D4 /* LoadingShowable.swift */,
			);
			path = Utils;
			sourceTree = "<group>";
		};
		EB81C52F2A5400F2000F57D4 /* View */ = {
			isa = PBXGroup;
			children = (
				EB81C5302A540103000F57D4 /* LoadingView.swift */,
			);
			path = View;
			sourceTree = "<group>";
		};
		EB81C5352A540630000F57D4 /* Frameworks */ = {
			isa = PBXGroup;
			children = (
			);
			name = Frameworks;
			sourceTree = "<group>";
		};
/* End PBXGroup section */

/* Begin PBXNativeTarget section */
		EB81C4E42A53F5FB000F57D4 /* MusicApp */ = {
			isa = PBXNativeTarget;
			buildConfigurationList = EB81C5122A53F5FC000F57D4 /* Build configuration list for PBXNativeTarget "MusicApp" */;
			buildPhases = (
				EB81C4E12A53F5FB000F57D4 /* Sources */,
				EB81C4E22A53F5FB000F57D4 /* Frameworks */,
				EB81C4E32A53F5FB000F57D4 /* Resources */,
			);
			buildRules = (
			);
			dependencies = (
			);
			name = MusicApp;
			packageProductDependencies = (
				EB81C5362A540630000F57D4 /* MusicAPI */,
				EBE8AF062A753D55009DBC46 /* SDWebImage */,
			);
			productName = MusicApp;
			productReference = EB81C4E52A53F5FB000F57D4 /* MusicApp.app */;
			productType = "com.apple.product-type.application";
		};
		EB81C4FD2A53F5FC000F57D4 /* MusicAppTests */ = {
			isa = PBXNativeTarget;
			buildConfigurationList = EB81C5152A53F5FC000F57D4 /* Build configuration list for PBXNativeTarget "MusicAppTests" */;
			buildPhases = (
				EB81C4FA2A53F5FC000F57D4 /* Sources */,
				EB81C4FB2A53F5FC000F57D4 /* Frameworks */,
				EB81C4FC2A53F5FC000F57D4 /* Resources */,
			);
			buildRules = (
			);
			dependencies = (
				EB81C5002A53F5FC000F57D4 /* PBXTargetDependency */,
			);
			name = MusicAppTests;
			productName = MusicAppTests;
			productReference = EB81C4FE2A53F5FC000F57D4 /* MusicAppTests.xctest */;
			productType = "com.apple.product-type.bundle.unit-test";
		};
		EB81C5072A53F5FC000F57D4 /* MusicAppUITests */ = {
			isa = PBXNativeTarget;
			buildConfigurationList = EB81C5182A53F5FC000F57D4 /* Build configuration list for PBXNativeTarget "MusicAppUITests" */;
			buildPhases = (
				EB81C5042A53F5FC000F57D4 /* Sources */,
				EB81C5052A53F5FC000F57D4 /* Frameworks */,
				EB81C5062A53F5FC000F57D4 /* Resources */,
			);
			buildRules = (
			);
			dependencies = (
				EB81C50A2A53F5FC000F57D4 /* PBXTargetDependency */,
			);
			name = MusicAppUITests;
			productName = MusicAppUITests;
			productReference = EB81C5082A53F5FC000F57D4 /* MusicAppUITests.xctest */;
			productType = "com.apple.product-type.bundle.ui-testing";
		};
/* End PBXNativeTarget section */

/* Begin PBXProject section */
		EB81C4DD2A53F5FB000F57D4 /* Project object */ = {
			isa = PBXProject;
			attributes = {
				BuildIndependentTargetsInParallel = 1;
				LastSwiftUpdateCheck = 1430;
				LastUpgradeCheck = 1430;
				TargetAttributes = {
					EB81C4E42A53F5FB000F57D4 = {
						CreatedOnToolsVersion = 14.3.1;
					};
					EB81C4FD2A53F5FC000F57D4 = {
						CreatedOnToolsVersion = 14.3.1;
						TestTargetID = EB81C4E42A53F5FB000F57D4;
					};
					EB81C5072A53F5FC000F57D4 = {
						CreatedOnToolsVersion = 14.3.1;
						TestTargetID = EB81C4E42A53F5FB000F57D4;
					};
				};
			};
			buildConfigurationList = EB81C4E02A53F5FB000F57D4 /* Build configuration list for PBXProject "MusicApp" */;
			compatibilityVersion = "Xcode 14.0";
			developmentRegion = en;
			hasScannedForEncodings = 0;
			knownRegions = (
				en,
				Base,
			);
			mainGroup = EB81C4DC2A53F5FB000F57D4;
			packageReferences = (
				EB81C51B2A53F632000F57D4 /* XCRemoteSwiftPackageReference "Alamofire" */,
				EBE8AF052A753D55009DBC46 /* XCRemoteSwiftPackageReference "SDWebImage" */,
			);
			productRefGroup = EB81C4E62A53F5FB000F57D4 /* Products */;
			projectDirPath = "";
			projectRoot = "";
			targets = (
				EB81C4E42A53F5FB000F57D4 /* MusicApp */,
				EB81C4FD2A53F5FC000F57D4 /* MusicAppTests */,
				EB81C5072A53F5FC000F57D4 /* MusicAppUITests */,
			);
		};
/* End PBXProject section */

/* Begin PBXResourcesBuildPhase section */
		EB81C4E32A53F5FB000F57D4 /* Resources */ = {
			isa = PBXResourcesBuildPhase;
			buildActionMask = 2147483647;
			files = (
				EB81C4F82A53F5FC000F57D4 /* LaunchScreen.storyboard in Resources */,
				EB81C4F52A53F5FC000F57D4 /* Assets.xcassets in Resources */,
				EB81C4F02A53F5FB000F57D4 /* Main.storyboard in Resources */,
				EB81C5262A53FA63000F57D4 /* MusicCell.xib in Resources */,
			);
			runOnlyForDeploymentPostprocessing = 0;
		};
		EB81C4FC2A53F5FC000F57D4 /* Resources */ = {
			isa = PBXResourcesBuildPhase;
			buildActionMask = 2147483647;
			files = (
			);
			runOnlyForDeploymentPostprocessing = 0;
		};
		EB81C5062A53F5FC000F57D4 /* Resources */ = {
			isa = PBXResourcesBuildPhase;
			buildActionMask = 2147483647;
			files = (
			);
			runOnlyForDeploymentPostprocessing = 0;
		};
/* End PBXResourcesBuildPhase section */

/* Begin PBXSourcesBuildPhase section */
		EB81C4E12A53F5FB000F57D4 /* Sources */ = {
			isa = PBXSourcesBuildPhase;
			buildActionMask = 2147483647;
			files = (
				EB81C5252A53FA63000F57D4 /* MusicCell.swift in Sources */,
				EB81C4ED2A53F5FB000F57D4 /* ViewController.swift in Sources */,
				EB81C4E92A53F5FB000F57D4 /* AppDelegate.swift in Sources */,
				EB81C52E2A5400A5000F57D4 /* LoadingShowable.swift in Sources */,
				EB81C52B2A53FD4E000F57D4 /* UITableViewCell+Extension.swift in Sources */,
				EB81C4EB2A53F5FB000F57D4 /* SceneDelegate.swift in Sources */,
				EB81C5292A53FD1E000F57D4 /* TableView+Extension.swift in Sources */,
				EB81C4F32A53F5FB000F57D4 /* MusicApp.xcdatamodeld in Sources */,
				EB81C5312A540103000F57D4 /* LoadingView.swift in Sources */,
			);
			runOnlyForDeploymentPostprocessing = 0;
		};
		EB81C4FA2A53F5FC000F57D4 /* Sources */ = {
			isa = PBXSourcesBuildPhase;
			buildActionMask = 2147483647;
			files = (
				EB81C5032A53F5FC000F57D4 /* MusicAppTests.swift in Sources */,
			);
			runOnlyForDeploymentPostprocessing = 0;
		};
		EB81C5042A53F5FC000F57D4 /* Sources */ = {
			isa = PBXSourcesBuildPhase;
			buildActionMask = 2147483647;
			files = (
				EB81C50F2A53F5FC000F57D4 /* MusicAppUITestsLaunchTests.swift in Sources */,
				EB81C50D2A53F5FC000F57D4 /* MusicAppUITests.swift in Sources */,
			);
			runOnlyForDeploymentPostprocessing = 0;
		};
/* End PBXSourcesBuildPhase section */

/* Begin PBXTargetDependency section */
		EB81C5002A53F5FC000F57D4 /* PBXTargetDependency */ = {
			isa = PBXTargetDependency;
			target = EB81C4E42A53F5FB000F57D4 /* MusicApp */;
			targetProxy = EB81C4FF2A53F5FC000F57D4 /* PBXContainerItemProxy */;
		};
		EB81C50A2A53F5FC000F57D4 /* PBXTargetDependency */ = {
			isa = PBXTargetDependency;
			target = EB81C4E42A53F5FB000F57D4 /* MusicApp */;
			targetProxy = EB81C5092A53F5FC000F57D4 /* PBXContainerItemProxy */;
		};
/* End PBXTargetDependency section */

/* Begin PBXVariantGroup section */
		EB81C4EE2A53F5FB000F57D4 /* Main.storyboard */ = {
			isa = PBXVariantGroup;
			children = (
				EB81C4EF2A53F5FB000F57D4 /* Base */,
			);
			name = Main.storyboard;
			sourceTree = "<group>";
		};
		EB81C4F62A53F5FC000F57D4 /* LaunchScreen.storyboard */ = {
			isa = PBXVariantGroup;
			children = (
				EB81C4F72A53F5FC000F57D4 /* Base */,
			);
			name = LaunchScreen.storyboard;
			sourceTree = "<group>";
		};
/* End PBXVariantGroup section */

/* Begin XCBuildConfiguration section */
		EB81C5102A53F5FC000F57D4 /* Debug */ = {
			isa = XCBuildConfiguration;
			buildSettings = {
				ALWAYS_SEARCH_USER_PATHS = NO;
				CLANG_ANALYZER_NONNULL = YES;
				CLANG_ANALYZER_NUMBER_OBJECT_CONVERSION = YES_AGGRESSIVE;
				CLANG_CXX_LANGUAGE_STANDARD = "gnu++20";
				CLANG_ENABLE_MODULES = YES;
				CLANG_ENABLE_OBJC_ARC = YES;
				CLANG_ENABLE_OBJC_WEAK = YES;
				CLANG_WARN_BLOCK_CAPTURE_AUTORELEASING = YES;
				CLANG_WARN_BOOL_CONVERSION = YES;
				CLANG_WARN_COMMA = YES;
				CLANG_WARN_CONSTANT_CONVERSION = YES;
				CLANG_WARN_DEPRECATED_OBJC_IMPLEMENTATIONS = YES;
				CLANG_WARN_DIRECT_OBJC_ISA_USAGE = YES_ERROR;
				CLANG_WARN_DOCUMENTATION_COMMENTS = YES;
				CLANG_WARN_EMPTY_BODY = YES;
				CLANG_WARN_ENUM_CONVERSION = YES;
				CLANG_WARN_INFINITE_RECURSION = YES;
				CLANG_WARN_INT_CONVERSION = YES;
				CLANG_WARN_NON_LITERAL_NULL_CONVERSION = YES;
				CLANG_WARN_OBJC_IMPLICIT_RETAIN_SELF = YES;
				CLANG_WARN_OBJC_LITERAL_CONVERSION = YES;
				CLANG_WARN_OBJC_ROOT_CLASS = YES_ERROR;
				CLANG_WARN_QUOTED_INCLUDE_IN_FRAMEWORK_HEADER = YES;
				CLANG_WARN_RANGE_LOOP_ANALYSIS = YES;
				CLANG_WARN_STRICT_PROTOTYPES = YES;
				CLANG_WARN_SUSPICIOUS_MOVE = YES;
				CLANG_WARN_UNGUARDED_AVAILABILITY = YES_AGGRESSIVE;
				CLANG_WARN_UNREACHABLE_CODE = YES;
				CLANG_WARN__DUPLICATE_METHOD_MATCH = YES;
				COPY_PHASE_STRIP = NO;
				DEBUG_INFORMATION_FORMAT = dwarf;
				ENABLE_STRICT_OBJC_MSGSEND = YES;
				ENABLE_TESTABILITY = YES;
				GCC_C_LANGUAGE_STANDARD = gnu11;
				GCC_DYNAMIC_NO_PIC = NO;
				GCC_NO_COMMON_BLOCKS = YES;
				GCC_OPTIMIZATION_LEVEL = 0;
				GCC_PREPROCESSOR_DEFINITIONS = (
					"DEBUG=1",
					"$(inherited)",
				);
				GCC_WARN_64_TO_32_BIT_CONVERSION = YES;
				GCC_WARN_ABOUT_RETURN_TYPE = YES_ERROR;
				GCC_WARN_UNDECLARED_SELECTOR = YES;
				GCC_WARN_UNINITIALIZED_AUTOS = YES_AGGRESSIVE;
				GCC_WARN_UNUSED_FUNCTION = YES;
				GCC_WARN_UNUSED_VARIABLE = YES;
				IPHONEOS_DEPLOYMENT_TARGET = 16.4;
				MTL_ENABLE_DEBUG_INFO = INCLUDE_SOURCE;
				MTL_FAST_MATH = YES;
				ONLY_ACTIVE_ARCH = YES;
				SDKROOT = iphoneos;
				SWIFT_ACTIVE_COMPILATION_CONDITIONS = DEBUG;
				SWIFT_OPTIMIZATION_LEVEL = "-Onone";
			};
			name = Debug;
		};
		EB81C5112A53F5FC000F57D4 /* Release */ = {
			isa = XCBuildConfiguration;
			buildSettings = {
				ALWAYS_SEARCH_USER_PATHS = NO;
				CLANG_ANALYZER_NONNULL = YES;
				CLANG_ANALYZER_NUMBER_OBJECT_CONVERSION = YES_AGGRESSIVE;
				CLANG_CXX_LANGUAGE_STANDARD = "gnu++20";
				CLANG_ENABLE_MODULES = YES;
				CLANG_ENABLE_OBJC_ARC = YES;
				CLANG_ENABLE_OBJC_WEAK = YES;
				CLANG_WARN_BLOCK_CAPTURE_AUTORELEASING = YES;
				CLANG_WARN_BOOL_CONVERSION = YES;
				CLANG_WARN_COMMA = YES;
				CLANG_WARN_CONSTANT_CONVERSION = YES;
				CLANG_WARN_DEPRECATED_OBJC_IMPLEMENTATIONS = YES;
				CLANG_WARN_DIRECT_OBJC_ISA_USAGE = YES_ERROR;
				CLANG_WARN_DOCUMENTATION_COMMENTS = YES;
				CLANG_WARN_EMPTY_BODY = YES;
				CLANG_WARN_ENUM_CONVERSION = YES;
				CLANG_WARN_INFINITE_RECURSION = YES;
				CLANG_WARN_INT_CONVERSION = YES;
				CLANG_WARN_NON_LITERAL_NULL_CONVERSION = YES;
				CLANG_WARN_OBJC_IMPLICIT_RETAIN_SELF = YES;
				CLANG_WARN_OBJC_LITERAL_CONVERSION = YES;
				CLANG_WARN_OBJC_ROOT_CLASS = YES_ERROR;
				CLANG_WARN_QUOTED_INCLUDE_IN_FRAMEWORK_HEADER = YES;
				CLANG_WARN_RANGE_LOOP_ANALYSIS = YES;
				CLANG_WARN_STRICT_PROTOTYPES = YES;
				CLANG_WARN_SUSPICIOUS_MOVE = YES;
				CLANG_WARN_UNGUARDED_AVAILABILITY = YES_AGGRESSIVE;
				CLANG_WARN_UNREACHABLE_CODE = YES;
				CLANG_WARN__DUPLICATE_METHOD_MATCH = YES;
				COPY_PHASE_STRIP = NO;
				DEBUG_INFORMATION_FORMAT = "dwarf-with-dsym";
				ENABLE_NS_ASSERTIONS = NO;
				ENABLE_STRICT_OBJC_MSGSEND = YES;
				GCC_C_LANGUAGE_STANDARD = gnu11;
				GCC_NO_COMMON_BLOCKS = YES;
				GCC_WARN_64_TO_32_BIT_CONVERSION = YES;
				GCC_WARN_ABOUT_RETURN_TYPE = YES_ERROR;
				GCC_WARN_UNDECLARED_SELECTOR = YES;
				GCC_WARN_UNINITIALIZED_AUTOS = YES_AGGRESSIVE;
				GCC_WARN_UNUSED_FUNCTION = YES;
				GCC_WARN_UNUSED_VARIABLE = YES;
				IPHONEOS_DEPLOYMENT_TARGET = 16.4;
				MTL_ENABLE_DEBUG_INFO = NO;
				MTL_FAST_MATH = YES;
				SDKROOT = iphoneos;
				SWIFT_COMPILATION_MODE = wholemodule;
				SWIFT_OPTIMIZATION_LEVEL = "-O";
				VALIDATE_PRODUCT = YES;
			};
			name = Release;
		};
		EB81C5132A53F5FC000F57D4 /* Debug */ = {
			isa = XCBuildConfiguration;
			buildSettings = {
				ASSETCATALOG_COMPILER_APPICON_NAME = AppIcon;
				ASSETCATALOG_COMPILER_GLOBAL_ACCENT_COLOR_NAME = AccentColor;
				CODE_SIGN_STYLE = Automatic;
				CURRENT_PROJECT_VERSION = 1;
				DEVELOPMENT_TEAM = UFLZ3QS55J;
				GENERATE_INFOPLIST_FILE = YES;
				INFOPLIST_FILE = MusicApp/Info.plist;
				INFOPLIST_KEY_UIApplicationSupportsIndirectInputEvents = YES;
				INFOPLIST_KEY_UILaunchStoryboardName = LaunchScreen;
				INFOPLIST_KEY_UIMainStoryboardFile = Main;
				INFOPLIST_KEY_UISupportedInterfaceOrientations_iPad = "UIInterfaceOrientationPortrait UIInterfaceOrientationPortraitUpsideDown UIInterfaceOrientationLandscapeLeft UIInterfaceOrientationLandscapeRight";
				INFOPLIST_KEY_UISupportedInterfaceOrientations_iPhone = "UIInterfaceOrientationPortrait UIInterfaceOrientationLandscapeLeft UIInterfaceOrientationLandscapeRight";
				LD_RUNPATH_SEARCH_PATHS = (
					"$(inherited)",
					"@executable_path/Frameworks",
				);
				MARKETING_VERSION = 1.0;
				PRODUCT_BUNDLE_IDENTIFIER = uygulamalar.MusicApp;
				PRODUCT_NAME = "$(TARGET_NAME)";
				SWIFT_EMIT_LOC_STRINGS = YES;
				SWIFT_VERSION = 5.0;
				TARGETED_DEVICE_FAMILY = "1,2";
			};
			name = Debug;
		};
		EB81C5142A53F5FC000F57D4 /* Release */ = {
			isa = XCBuildConfiguration;
			buildSettings = {
				ASSETCATALOG_COMPILER_APPICON_NAME = AppIcon;
				ASSETCATALOG_COMPILER_GLOBAL_ACCENT_COLOR_NAME = AccentColor;
				CODE_SIGN_STYLE = Automatic;
				CURRENT_PROJECT_VERSION = 1;
				DEVELOPMENT_TEAM = UFLZ3QS55J;
				GENERATE_INFOPLIST_FILE = YES;
				INFOPLIST_FILE = MusicApp/Info.plist;
				INFOPLIST_KEY_UIApplicationSupportsIndirectInputEvents = YES;
				INFOPLIST_KEY_UILaunchStoryboardName = LaunchScreen;
				INFOPLIST_KEY_UIMainStoryboardFile = Main;
				INFOPLIST_KEY_UISupportedInterfaceOrientations_iPad = "UIInterfaceOrientationPortrait UIInterfaceOrientationPortraitUpsideDown UIInterfaceOrientationLandscapeLeft UIInterfaceOrientationLandscapeRight";
				INFOPLIST_KEY_UISupportedInterfaceOrientations_iPhone = "UIInterfaceOrientationPortrait UIInterfaceOrientationLandscapeLeft UIInterfaceOrientationLandscapeRight";
				LD_RUNPATH_SEARCH_PATHS = (
					"$(inherited)",
					"@executable_path/Frameworks",
				);
				MARKETING_VERSION = 1.0;
				PRODUCT_BUNDLE_IDENTIFIER = uygulamalar.MusicApp;
				PRODUCT_NAME = "$(TARGET_NAME)";
				SWIFT_EMIT_LOC_STRINGS = YES;
				SWIFT_VERSION = 5.0;
				TARGETED_DEVICE_FAMILY = "1,2";
			};
			name = Release;
		};
		EB81C5162A53F5FC000F57D4 /* Debug */ = {
			isa = XCBuildConfiguration;
			buildSettings = {
				ALWAYS_EMBED_SWIFT_STANDARD_LIBRARIES = YES;
				BUNDLE_LOADER = "$(TEST_HOST)";
				CODE_SIGN_STYLE = Automatic;
				CURRENT_PROJECT_VERSION = 1;
				DEVELOPMENT_TEAM = UFLZ3QS55J;
				GENERATE_INFOPLIST_FILE = YES;
				IPHONEOS_DEPLOYMENT_TARGET = 16.4;
				MARKETING_VERSION = 1.0;
				PRODUCT_BUNDLE_IDENTIFIER = uygulamalar.MusicAppTests;
				PRODUCT_NAME = "$(TARGET_NAME)";
				SWIFT_EMIT_LOC_STRINGS = NO;
				SWIFT_VERSION = 5.0;
				TARGETED_DEVICE_FAMILY = "1,2";
				TEST_HOST = "$(BUILT_PRODUCTS_DIR)/MusicApp.app/$(BUNDLE_EXECUTABLE_FOLDER_PATH)/MusicApp";
			};
			name = Debug;
		};
		EB81C5172A53F5FC000F57D4 /* Release */ = {
			isa = XCBuildConfiguration;
			buildSettings = {
				ALWAYS_EMBED_SWIFT_STANDARD_LIBRARIES = YES;
				BUNDLE_LOADER = "$(TEST_HOST)";
				CODE_SIGN_STYLE = Automatic;
				CURRENT_PROJECT_VERSION = 1;
				DEVELOPMENT_TEAM = UFLZ3QS55J;
				GENERATE_INFOPLIST_FILE = YES;
				IPHONEOS_DEPLOYMENT_TARGET = 16.4;
				MARKETING_VERSION = 1.0;
				PRODUCT_BUNDLE_IDENTIFIER = uygulamalar.MusicAppTests;
				PRODUCT_NAME = "$(TARGET_NAME)";
				SWIFT_EMIT_LOC_STRINGS = NO;
				SWIFT_VERSION = 5.0;
				TARGETED_DEVICE_FAMILY = "1,2";
				TEST_HOST = "$(BUILT_PRODUCTS_DIR)/MusicApp.app/$(BUNDLE_EXECUTABLE_FOLDER_PATH)/MusicApp";
			};
			name = Release;
		};
		EB81C5192A53F5FC000F57D4 /* Debug */ = {
			isa = XCBuildConfiguration;
			buildSettings = {
				ALWAYS_EMBED_SWIFT_STANDARD_LIBRARIES = YES;
				CODE_SIGN_STYLE = Automatic;
				CURRENT_PROJECT_VERSION = 1;
				DEVELOPMENT_TEAM = UFLZ3QS55J;
				GENERATE_INFOPLIST_FILE = YES;
				MARKETING_VERSION = 1.0;
				PRODUCT_BUNDLE_IDENTIFIER = uygulamalar.MusicAppUITests;
				PRODUCT_NAME = "$(TARGET_NAME)";
				SWIFT_EMIT_LOC_STRINGS = NO;
				SWIFT_VERSION = 5.0;
				TARGETED_DEVICE_FAMILY = "1,2";
				TEST_TARGET_NAME = MusicApp;
			};
			name = Debug;
		};
		EB81C51A2A53F5FC000F57D4 /* Release */ = {
			isa = XCBuildConfiguration;
			buildSettings = {
				ALWAYS_EMBED_SWIFT_STANDARD_LIBRARIES = YES;
				CODE_SIGN_STYLE = Automatic;
				CURRENT_PROJECT_VERSION = 1;
				DEVELOPMENT_TEAM = UFLZ3QS55J;
				GENERATE_INFOPLIST_FILE = YES;
				MARKETING_VERSION = 1.0;
				PRODUCT_BUNDLE_IDENTIFIER = uygulamalar.MusicAppUITests;
				PRODUCT_NAME = "$(TARGET_NAME)";
				SWIFT_EMIT_LOC_STRINGS = NO;
				SWIFT_VERSION = 5.0;
				TARGETED_DEVICE_FAMILY = "1,2";
				TEST_TARGET_NAME = MusicApp;
			};
			name = Release;
		};
/* End XCBuildConfiguration section */

/* Begin XCConfigurationList section */
		EB81C4E02A53F5FB000F57D4 /* Build configuration list for PBXProject "MusicApp" */ = {
			isa = XCConfigurationList;
			buildConfigurations = (
				EB81C5102A53F5FC000F57D4 /* Debug */,
				EB81C5112A53F5FC000F57D4 /* Release */,
			);
			defaultConfigurationIsVisible = 0;
			defaultConfigurationName = Release;
		};
		EB81C5122A53F5FC000F57D4 /* Build configuration list for PBXNativeTarget "MusicApp" */ = {
			isa = XCConfigurationList;
			buildConfigurations = (
				EB81C5132A53F5FC000F57D4 /* Debug */,
				EB81C5142A53F5FC000F57D4 /* Release */,
			);
			defaultConfigurationIsVisible = 0;
			defaultConfigurationName = Release;
		};
		EB81C5152A53F5FC000F57D4 /* Build configuration list for PBXNativeTarget "MusicAppTests" */ = {
			isa = XCConfigurationList;
			buildConfigurations = (
				EB81C5162A53F5FC000F57D4 /* Debug */,
				EB81C5172A53F5FC000F57D4 /* Release */,
			);
			defaultConfigurationIsVisible = 0;
			defaultConfigurationName = Release;
		};
		EB81C5182A53F5FC000F57D4 /* Build configuration list for PBXNativeTarget "MusicAppUITests" */ = {
			isa = XCConfigurationList;
			buildConfigurations = (
				EB81C5192A53F5FC000F57D4 /* Debug */,
				EB81C51A2A53F5FC000F57D4 /* Release */,
			);
			defaultConfigurationIsVisible = 0;
			defaultConfigurationName = Release;
		};
/* End XCConfigurationList section */

/* Begin XCRemoteSwiftPackageReference section */
		EB81C51B2A53F632000F57D4 /* XCRemoteSwiftPackageReference "Alamofire" */ = {
			isa = XCRemoteSwiftPackageReference;
			repositoryURL = "https://github.com/Alamofire/Alamofire";
			requirement = {
				kind = upToNextMajorVersion;
				minimumVersion = 5.0.0;
			};
		};
		EBE8AF052A753D55009DBC46 /* XCRemoteSwiftPackageReference "SDWebImage" */ = {
			isa = XCRemoteSwiftPackageReference;
			repositoryURL = "https://github.com/SDWebImage/SDWebImage";
			requirement = {
				kind = upToNextMajorVersion;
				minimumVersion = 5.0.0;
			};
		};
/* End XCRemoteSwiftPackageReference section */

/* Begin XCSwiftPackageProductDependency section */
		EB81C5362A540630000F57D4 /* MusicAPI */ = {
			isa = XCSwiftPackageProductDependency;
			productName = MusicAPI;
		};
		EBE8AF062A753D55009DBC46 /* SDWebImage */ = {
			isa = XCSwiftPackageProductDependency;
			package = EBE8AF052A753D55009DBC46 /* XCRemoteSwiftPackageReference "SDWebImage" */;
			productName = SDWebImage;
		};
/* End XCSwiftPackageProductDependency section */

/* Begin XCVersionGroup section */
		EB81C4F12A53F5FB000F57D4 /* MusicApp.xcdatamodeld */ = {
			isa = XCVersionGroup;
			children = (
				EB81C4F22A53F5FB000F57D4 /* MusicApp.xcdatamodel */,
			);
			currentVersion = EB81C4F22A53F5FB000F57D4 /* MusicApp.xcdatamodel */;
			path = MusicApp.xcdatamodeld;
			sourceTree = "<group>";
			versionGroupType = wrapper.xcdatamodel;
		};
/* End XCVersionGroup section */
	};
	rootObject = EB81C4DD2A53F5FB000F57D4 /* Project object */;
}
